
Microsoft Visual Studio Solution File, Format Version 12.00
# Visual Studio 2015
Project("{FAE04EC0-301F-11D3-BF4B-00C04F79EFBC}") = "cog_proto.Plugins", "cog_proto.Plugins.csproj", "{AE533718-3037-7DD7-0CBF-DB90355DCE63}"
EndProject
Project("{FAE04EC0-301F-11D3-BF4B-00C04F79EFBC}") = "cog_proto", "cog_proto.csproj", "{B2F0D6CA-3225-5319-FA6F-A8D81C94AA64}"
EndProject
Project("{FAE04EC0-301F-11D3-BF4B-00C04F79EFBC}") = "cog_proto.Editor", "cog_proto.Editor.csproj", "{A5DCC499-CD8A-9CD3-C090-32EB24A34BD3}"
EndProject
Global
	GlobalSection(SolutionConfigurationPlatforms) = preSolution
		Debug|Any CPU = Debug|Any CPU
		Release|Any CPU = Release|Any CPU
	EndGlobalSection
	GlobalSection(ProjectConfigurationPlatforms) = postSolution
		{AE533718-3037-7DD7-0CBF-DB90355DCE63}.Debug|Any CPU.ActiveCfg = Debug|Any CPU
		{AE533718-3037-7DD7-0CBF-DB90355DCE63}.Debug|Any CPU.Build.0 = Debug|Any CPU
		{AE533718-3037-7DD7-0CBF-DB90355DCE63}.Release|Any CPU.ActiveCfg = Release|Any CPU
		{AE533718-3037-7DD7-0CBF-DB90355DCE63}.Release|Any CPU.Build.0 = Release|Any CPU
		{B2F0D6CA-3225-5319-FA6F-A8D81C94AA64}.Debug|Any CPU.ActiveCfg = Debug|Any CPU
		{B2F0D6CA-3225-5319-FA6F-A8D81C94AA64}.Debug|Any CPU.Build.0 = Debug|Any CPU
		{B2F0D6CA-3225-5319-FA6F-A8D81C94AA64}.Release|Any CPU.ActiveCfg = Release|Any CPU
		{B2F0D6CA-3225-5319-FA6F-A8D81C94AA64}.Release|Any CPU.Build.0 = Release|Any CPU
		{A5DCC499-CD8A-9CD3-C090-32EB24A34BD3}.Debug|Any CPU.ActiveCfg = Debug|Any CPU
		{A5DCC499-CD8A-9CD3-C090-32EB24A34BD3}.Debug|Any CPU.Build.0 = Debug|Any CPU
		{A5DCC499-CD8A-9CD3-C090-32EB24A34BD3}.Release|Any CPU.ActiveCfg = Release|Any CPU
		{A5DCC499-CD8A-9CD3-C090-32EB24A34BD3}.Release|Any CPU.Build.0 = Release|Any CPU
	EndGlobalSection
	GlobalSection(SolutionProperties) = preSolution
		HideSolutionNode = FALSE
	EndGlobalSection
EndGlobal
