// !$*UTF8*$!
{
	archiveVersion = 1;
	classes = {
	};
	objectVersion = 46;
	objects = {

/* Begin PBXBuildFile section */
		84E4E52F1E234B940039AA83 /* main.m in Sources */ = {isa = PBXBuildFile; fileRef = 84E4E52E1E234B940039AA83 /* main.m */; };
		84E4E5321E234B940039AA83 /* AppDelegate.m in Sources */ = {isa = PBXBuildFile; fileRef = 84E4E5311E234B940039AA83 /* AppDelegate.m */; };
		84E4E5341E234B940039AA83 /* Shader.fsh in Resources */ = {isa = PBXBuildFile; fileRef = 84E4E5331E234B940039AA83 /* Shader.fsh */; };
		84E4E5361E234B940039AA83 /* Shader.vsh in Resources */ = {isa = PBXBuildFile; fileRef = 84E4E5351E234B940039AA83 /* Shader.vsh */; };
		84E4E5391E234B940039AA83 /* GameViewController.m in Sources */ = {isa = PBXBuildFile; fileRef = 84E4E5381E234B940039AA83 /* GameViewController.m */; };
		84E4E53C1E234B940039AA83 /* Main.storyboard in Resources */ = {isa = PBXBuildFile; fileRef = 84E4E53A1E234B940039AA83 /* Main.storyboard */; };
		84E4E53E1E234B950039AA83 /* Assets.xcassets in Resources */ = {isa = PBXBuildFile; fileRef = 84E4E53D1E234B950039AA83 /* Assets.xcassets */; };
		84E4E5411E234B950039AA83 /* LaunchScreen.storyboard in Resources */ = {isa = PBXBuildFile; fileRef = 84E4E53F1E234B950039AA83 /* LaunchScreen.storyboard */; };
		84E4E54C1E234B950039AA83 /* cog_protoTests.m in Sources */ = {isa = PBXBuildFile; fileRef = 84E4E54B1E234B950039AA83 /* cog_protoTests.m */; };
		84E4E5571E234B950039AA83 /* cog_protoUITests.m in Sources */ = {isa = PBXBuildFile; fileRef = 84E4E5561E234B950039AA83 /* cog_protoUITests.m */; };
/* End PBXBuildFile section */

/* Begin PBXContainerItemProxy section */
		84E4E5481E234B950039AA83 /* PBXContainerItemProxy */ = {
			isa = PBXContainerItemProxy;
			containerPortal = 84E4E5221E234B940039AA83 /* Project object */;
			proxyType = 1;
			remoteGlobalIDString = 84E4E5291E234B940039AA83;
			remoteInfo = cog_proto;
		};
		84E4E5531E234B950039AA83 /* PBXContainerItemProxy */ = {
			isa = PBXContainerItemProxy;
			containerPortal = 84E4E5221E234B940039AA83 /* Project object */;
			proxyType = 1;
			remoteGlobalIDString = 84E4E5291E234B940039AA83;
			remoteInfo = cog_proto;
		};
/* End PBXContainerItemProxy section */

/* Begin PBXFileReference section */
		84E4E52A1E234B940039AA83 /* cog_proto.app */ = {isa = PBXFileReference; explicitFileType = wrapper.application; includeInIndex = 0; path = cog_proto.app; sourceTree = BUILT_PRODUCTS_DIR; };
		84E4E52E1E234B940039AA83 /* main.m */ = {isa = PBXFileReference; lastKnownFileType = sourcecode.c.objc; path = main.m; sourceTree = "<group>"; };
		84E4E5301E234B940039AA83 /* AppDelegate.h */ = {isa = PBXFileReference; lastKnownFileType = sourcecode.c.h; path = AppDelegate.h; sourceTree = "<group>"; };
		84E4E5311E234B940039AA83 /* AppDelegate.m */ = {isa = PBXFileReference; lastKnownFileType = sourcecode.c.objc; path = AppDelegate.m; sourceTree = "<group>"; };
		84E4E5331E234B940039AA83 /* Shader.fsh */ = {isa = PBXFileReference; lastKnownFileType = sourcecode.glsl; name = Shader.fsh; path = Shaders/Shader.fsh; sourceTree = "<group>"; };
		84E4E5351E234B940039AA83 /* Shader.vsh */ = {isa = PBXFileReference; lastKnownFileType = sourcecode.glsl; name = Shader.vsh; path = Shaders/Shader.vsh; sourceTree = "<group>"; };
		84E4E5371E234B940039AA83 /* GameViewController.h */ = {isa = PBXFileReference; lastKnownFileType = sourcecode.c.h; path = GameViewController.h; sourceTree = "<group>"; };
		84E4E5381E234B940039AA83 /* GameViewController.m */ = {isa = PBXFileReference; lastKnownFileType = sourcecode.c.objc; path = GameViewController.m; sourceTree = "<group>"; };
		84E4E53B1E234B940039AA83 /* Base */ = {isa = PBXFileReference; lastKnownFileType = file.storyboard; name = Base; path = Base.lproj/Main.storyboard; sourceTree = "<group>"; };
		84E4E53D1E234B950039AA83 /* Assets.xcassets */ = {isa = PBXFileReference; lastKnownFileType = folder.assetcatalog; path = Assets.xcassets; sourceTree = "<group>"; };
		84E4E5401E234B950039AA83 /* Base */ = {isa = PBXFileReference; lastKnownFileType = file.storyboard; name = Base; path = Base.lproj/LaunchScreen.storyboard; sourceTree = "<group>"; };
		84E4E5421E234B950039AA83 /* Info.plist */ = {isa = PBXFileReference; lastKnownFileType = text.plist.xml; path = Info.plist; sourceTree = "<group>"; };
		84E4E5471E234B950039AA83 /* cog_protoTests.xctest */ = {isa = PBXFileReference; explicitFileType = wrapper.cfbundle; includeInIndex = 0; path = cog_protoTests.xctest; sourceTree = BUILT_PRODUCTS_DIR; };
		84E4E54B1E234B950039AA83 /* cog_protoTests.m */ = {isa = PBXFileReference; lastKnownFileType = sourcecode.c.objc; path = cog_protoTests.m; sourceTree = "<group>"; };
		84E4E54D1E234B950039AA83 /* Info.plist */ = {isa = PBXFileReference; lastKnownFileType = text.plist.xml; path = Info.plist; sourceTree = "<group>"; };
		84E4E5521E234B950039AA83 /* cog_protoUITests.xctest */ = {isa = PBXFileReference; explicitFileType = wrapper.cfbundle; includeInIndex = 0; path = cog_protoUITests.xctest; sourceTree = BUILT_PRODUCTS_DIR; };
		84E4E5561E234B950039AA83 /* cog_protoUITests.m */ = {isa = PBXFileReference; lastKnownFileType = sourcecode.c.objc; path = cog_protoUITests.m; sourceTree = "<group>"; };
		84E4E5581E234B950039AA83 /* Info.plist */ = {isa = PBXFileReference; lastKnownFileType = text.plist.xml; path = Info.plist; sourceTree = "<group>"; };
/* End PBXFileReference section */

/* Begin PBXFrameworksBuildPhase section */
		84E4E5271E234B940039AA83 /* Frameworks */ = {
			isa = PBXFrameworksBuildPhase;
			buildActionMask = 2147483647;
			files = (
			);
			runOnlyForDeploymentPostprocessing = 0;
		};
		84E4E5441E234B950039AA83 /* Frameworks */ = {
			isa = PBXFrameworksBuildPhase;
			buildActionMask = 2147483647;
			files = (
			);
			runOnlyForDeploymentPostprocessing = 0;
		};
		84E4E54F1E234B950039AA83 /* Frameworks */ = {
			isa = PBXFrameworksBuildPhase;
			buildActionMask = 2147483647;
			files = (
			);
			runOnlyForDeploymentPostprocessing = 0;
		};
/* End PBXFrameworksBuildPhase section */

/* Begin PBXGroup section */
		84E4E5211E234B940039AA83 = {
			isa = PBXGroup;
			children = (
				84E4E52C1E234B940039AA83 /* cog_proto */,
				84E4E54A1E234B950039AA83 /* cog_protoTests */,
				84E4E5551E234B950039AA83 /* cog_protoUITests */,
				84E4E52B1E234B940039AA83 /* Products */,
			);
			sourceTree = "<group>";
		};
		84E4E52B1E234B940039AA83 /* Products */ = {
			isa = PBXGroup;
			children = (
				84E4E52A1E234B940039AA83 /* cog_proto.app */,
				84E4E5471E234B950039AA83 /* cog_protoTests.xctest */,
				84E4E5521E234B950039AA83 /* cog_protoUITests.xctest */,
			);
			name = Products;
			sourceTree = "<group>";
		};
		84E4E52C1E234B940039AA83 /* cog_proto */ = {
			isa = PBXGroup;
			children = (
				84E4E5301E234B940039AA83 /* AppDelegate.h */,
				84E4E5311E234B940039AA83 /* AppDelegate.m */,
				84E4E5331E234B940039AA83 /* Shader.fsh */,
				84E4E5351E234B940039AA83 /* Shader.vsh */,
				84E4E5371E234B940039AA83 /* GameViewController.h */,
				84E4E5381E234B940039AA83 /* GameViewController.m */,
				84E4E53A1E234B940039AA83 /* Main.storyboard */,
				84E4E53D1E234B950039AA83 /* Assets.xcassets */,
				84E4E53F1E234B950039AA83 /* LaunchScreen.storyboard */,
				84E4E5421E234B950039AA83 /* Info.plist */,
				84E4E52D1E234B940039AA83 /* Supporting Files */,
			);
			path = cog_proto;
			sourceTree = "<group>";
		};
		84E4E52D1E234B940039AA83 /* Supporting Files */ = {
			isa = PBXGroup;
			children = (
				84E4E52E1E234B940039AA83 /* main.m */,
			);
			name = "Supporting Files";
			sourceTree = "<group>";
		};
		84E4E54A1E234B950039AA83 /* cog_protoTests */ = {
			isa = PBXGroup;
			children = (
				84E4E54B1E234B950039AA83 /* cog_protoTests.m */,
				84E4E54D1E234B950039AA83 /* Info.plist */,
			);
			path = cog_protoTests;
			sourceTree = "<group>";
		};
		84E4E5551E234B950039AA83 /* cog_protoUITests */ = {
			isa = PBXGroup;
			children = (
				84E4E5561E234B950039AA83 /* cog_protoUITests.m */,
				84E4E5581E234B950039AA83 /* Info.plist */,
			);
			path = cog_protoUITests;
			sourceTree = "<group>";
		};
/* End PBXGroup section */

/* Begin PBXNativeTarget section */
		84E4E5291E234B940039AA83 /* cog_proto */ = {
			isa = PBXNativeTarget;
			buildConfigurationList = 84E4E55B1E234B950039AA83 /* Build configuration list for PBXNativeTarget "cog_proto" */;
			buildPhases = (
				84E4E5261E234B940039AA83 /* Sources */,
				84E4E5271E234B940039AA83 /* Frameworks */,
				84E4E5281E234B940039AA83 /* Resources */,
			);
			buildRules = (
			);
			dependencies = (
			);
			name = cog_proto;
			productName = cog_proto;
			productReference = 84E4E52A1E234B940039AA83 /* cog_proto.app */;
			productType = "com.apple.product-type.application";
		};
		84E4E5461E234B950039AA83 /* cog_protoTests */ = {
			isa = PBXNativeTarget;
			buildConfigurationList = 84E4E55E1E234B950039AA83 /* Build configuration list for PBXNativeTarget "cog_protoTests" */;
			buildPhases = (
				84E4E5431E234B950039AA83 /* Sources */,
				84E4E5441E234B950039AA83 /* Frameworks */,
				84E4E5451E234B950039AA83 /* Resources */,
			);
			buildRules = (
			);
			dependencies = (
				84E4E5491E234B950039AA83 /* PBXTargetDependency */,
			);
			name = cog_protoTests;
			productName = cog_protoTests;
			productReference = 84E4E5471E234B950039AA83 /* cog_protoTests.xctest */;
			productType = "com.apple.product-type.bundle.unit-test";
		};
		84E4E5511E234B950039AA83 /* cog_protoUITests */ = {
			isa = PBXNativeTarget;
			buildConfigurationList = 84E4E5611E234B950039AA83 /* Build configuration list for PBXNativeTarget "cog_protoUITests" */;
			buildPhases = (
				84E4E54E1E234B950039AA83 /* Sources */,
				84E4E54F1E234B950039AA83 /* Frameworks */,
				84E4E5501E234B950039AA83 /* Resources */,
			);
			buildRules = (
			);
			dependencies = (
				84E4E5541E234B950039AA83 /* PBXTargetDependency */,
			);
			name = cog_protoUITests;
			productName = cog_protoUITests;
			productReference = 84E4E5521E234B950039AA83 /* cog_protoUITests.xctest */;
			productType = "com.apple.product-type.bundle.ui-testing";
		};
/* End PBXNativeTarget section */

/* Begin PBXProject section */
		84E4E5221E234B940039AA83 /* Project object */ = {
			isa = PBXProject;
			attributes = {
				LastUpgradeCheck = 0800;
				ORGANIZATIONNAME = Gamify;
				TargetAttributes = {
					84E4E5291E234B940039AA83 = {
						CreatedOnToolsVersion = 8.0;
						DevelopmentTeam = 8JMD96GAB7;
						ProvisioningStyle = Automatic;
					};
					84E4E5461E234B950039AA83 = {
						CreatedOnToolsVersion = 8.0;
						DevelopmentTeam = 8JMD96GAB7;
						ProvisioningStyle = Automatic;
						TestTargetID = 84E4E5291E234B940039AA83;
					};
					84E4E5511E234B950039AA83 = {
						CreatedOnToolsVersion = 8.0;
						DevelopmentTeam = 8JMD96GAB7;
						ProvisioningStyle = Automatic;
						TestTargetID = 84E4E5291E234B940039AA83;
					};
				};
			};
			buildConfigurationList = 84E4E5251E234B940039AA83 /* Build configuration list for PBXProject "cog_proto" */;
			compatibilityVersion = "Xcode 3.2";
			developmentRegion = English;
			hasScannedForEncodings = 0;
			knownRegions = (
				en,
				Base,
			);
			mainGroup = 84E4E5211E234B940039AA83;
			productRefGroup = 84E4E52B1E234B940039AA83 /* Products */;
			projectDirPath = "";
			projectRoot = "";
			targets = (
				84E4E5291E234B940039AA83 /* cog_proto */,
				84E4E5461E234B950039AA83 /* cog_protoTests */,
				84E4E5511E234B950039AA83 /* cog_protoUITests */,
			);
		};
/* End PBXProject section */

/* Begin PBXResourcesBuildPhase section */
		84E4E5281E234B940039AA83 /* Resources */ = {
			isa = PBXResourcesBuildPhase;
			buildActionMask = 2147483647;
			files = (
				84E4E53C1E234B940039AA83 /* Main.storyboard in Resources */,
				84E4E5361E234B940039AA83 /* Shader.vsh in Resources */,
				84E4E53E1E234B950039AA83 /* Assets.xcassets in Resources */,
				84E4E5411E234B950039AA83 /* LaunchScreen.storyboard in Resources */,
				84E4E5341E234B940039AA83 /* Shader.fsh in Resources */,
			);
			runOnlyForDeploymentPostprocessing = 0;
		};
		84E4E5451E234B950039AA83 /* Resources */ = {
			isa = PBXResourcesBuildPhase;
			buildActionMask = 2147483647;
			files = (
			);
			runOnlyForDeploymentPostprocessing = 0;
		};
		84E4E5501E234B950039AA83 /* Resources */ = {
			isa = PBXResourcesBuildPhase;
			buildActionMask = 2147483647;
			files = (
			);
			runOnlyForDeploymentPostprocessing = 0;
		};
/* End PBXResourcesBuildPhase section */

/* Begin PBXSourcesBuildPhase section */
		84E4E5261E234B940039AA83 /* Sources */ = {
			isa = PBXSourcesBuildPhase;
			buildActionMask = 2147483647;
			files = (
				84E4E5321E234B940039AA83 /* AppDelegate.m in Sources */,
				84E4E5391E234B940039AA83 /* GameViewController.m in Sources */,
				84E4E52F1E234B940039AA83 /* main.m in Sources */,
			);
			runOnlyForDeploymentPostprocessing = 0;
		};
		84E4E5431E234B950039AA83 /* Sources */ = {
			isa = PBXSourcesBuildPhase;
			buildActionMask = 2147483647;
			files = (
				84E4E54C1E234B950039AA83 /* cog_protoTests.m in Sources */,
			);
			runOnlyForDeploymentPostprocessing = 0;
		};
		84E4E54E1E234B950039AA83 /* Sources */ = {
			isa = PBXSourcesBuildPhase;
			buildActionMask = 2147483647;
			files = (
				84E4E5571E234B950039AA83 /* cog_protoUITests.m in Sources */,
			);
			runOnlyForDeploymentPostprocessing = 0;
		};
/* End PBXSourcesBuildPhase section */

/* Begin PBXTargetDependency section */
		84E4E5491E234B950039AA83 /* PBXTargetDependency */ = {
			isa = PBXTargetDependency;
			target = 84E4E5291E234B940039AA83 /* cog_proto */;
			targetProxy = 84E4E5481E234B950039AA83 /* PBXContainerItemProxy */;
		};
		84E4E5541E234B950039AA83 /* PBXTargetDependency */ = {
			isa = PBXTargetDependency;
			target = 84E4E5291E234B940039AA83 /* cog_proto */;
			targetProxy = 84E4E5531E234B950039AA83 /* PBXContainerItemProxy */;
		};
/* End PBXTargetDependency section */

/* Begin PBXVariantGroup section */
		84E4E53A1E234B940039AA83 /* Main.storyboard */ = {
			isa = PBXVariantGroup;
			children = (
				84E4E53B1E234B940039AA83 /* Base */,
			);
			name = Main.storyboard;
			sourceTree = "<group>";
		};
		84E4E53F1E234B950039AA83 /* LaunchScreen.storyboard */ = {
			isa = PBXVariantGroup;
			children = (
				84E4E5401E234B950039AA83 /* Base */,
			);
			name = LaunchScreen.storyboard;
			sourceTree = "<group>";
		};
/* End PBXVariantGroup section */

/* Begin XCBuildConfiguration section */
		84E4E5591E234B950039AA83 /* Debug */ = {
			isa = XCBuildConfiguration;
			buildSettings = {
				ALWAYS_SEARCH_USER_PATHS = NO;
				CLANG_ANALYZER_NONNULL = YES;
				CLANG_CXX_LANGUAGE_STANDARD = "gnu++0x";
				CLANG_CXX_LIBRARY = "libc++";
				CLANG_ENABLE_MODULES = YES;
				CLANG_ENABLE_OBJC_ARC = YES;
				CLANG_WARN_BOOL_CONVERSION = YES;
				CLANG_WARN_CONSTANT_CONVERSION = YES;
				CLANG_WARN_DIRECT_OBJC_ISA_USAGE = YES_ERROR;
				CLANG_WARN_DOCUMENTATION_COMMENTS = YES;
				CLANG_WARN_EMPTY_BODY = YES;
				CLANG_WARN_ENUM_CONVERSION = YES;
				CLANG_WARN_INFINITE_RECURSION = YES;
				CLANG_WARN_INT_CONVERSION = YES;
				CLANG_WARN_OBJC_ROOT_CLASS = YES_ERROR;
				CLANG_WARN_SUSPICIOUS_MOVES = YES;
				CLANG_WARN_UNREACHABLE_CODE = YES;
				CLANG_WARN__DUPLICATE_METHOD_MATCH = YES;
				"CODE_SIGN_IDENTITY[sdk=iphoneos*]" = "iPhone Developer";
				COPY_PHASE_STRIP = NO;
				DEBUG_INFORMATION_FORMAT = dwarf;
				ENABLE_STRICT_OBJC_MSGSEND = YES;
				ENABLE_TESTABILITY = YES;
				GCC_C_LANGUAGE_STANDARD = gnu99;
				GCC_DYNAMIC_NO_PIC = NO;
				GCC_NO_COMMON_BLOCKS = YES;
				GCC_OPTIMIZATION_LEVEL = 0;
				GCC_PREPROCESSOR_DEFINITIONS = (
					"DEBUG=1",
					"$(inherited)",
				);
				GCC_WARN_64_TO_32_BIT_CONVERSION = YES;
				GCC_WARN_ABOUT_RETURN_TYPE = YES_ERROR;
				GCC_WARN_UNDECLARED_SELECTOR = YES;
				GCC_WARN_UNINITIALIZED_AUTOS = YES_AGGRESSIVE;
				GCC_WARN_UNUSED_FUNCTION = YES;
				GCC_WARN_UNUSED_VARIABLE = YES;
				IPHONEOS_DEPLOYMENT_TARGET = 9.0;
				MTL_ENABLE_DEBUG_INFO = YES;
				ONLY_ACTIVE_ARCH = YES;
				SDKROOT = iphoneos;
				TARGETED_DEVICE_FAMILY = "1,2";
			};
			name = Debug;
		};
		84E4E55A1E234B950039AA83 /* Release */ = {
			isa = XCBuildConfiguration;
			buildSettings = {
				ALWAYS_SEARCH_USER_PATHS = NO;
				CLANG_ANALYZER_NONNULL = YES;
				CLANG_CXX_LANGUAGE_STANDARD = "gnu++0x";
				CLANG_CXX_LIBRARY = "libc++";
				CLANG_ENABLE_MODULES = YES;
				CLANG_ENABLE_OBJC_ARC = YES;
				CLANG_WARN_BOOL_CONVERSION = YES;
				CLANG_WARN_CONSTANT_CONVERSION = YES;
				CLANG_WARN_DIRECT_OBJC_ISA_USAGE = YES_ERROR;
				CLANG_WARN_DOCUMENTATION_COMMENTS = YES;
				CLANG_WARN_EMPTY_BODY = YES;
				CLANG_WARN_ENUM_CONVERSION = YES;
				CLANG_WARN_INFINITE_RECURSION = YES;
				CLANG_WARN_INT_CONVERSION = YES;
				CLANG_WARN_OBJC_ROOT_CLASS = YES_ERROR;
				CLANG_WARN_SUSPICIOUS_MOVES = YES;
				CLANG_WARN_UNREACHABLE_CODE = YES;
				CLANG_WARN__DUPLICATE_METHOD_MATCH = YES;
				"CODE_SIGN_IDENTITY[sdk=iphoneos*]" = "iPhone Developer";
				COPY_PHASE_STRIP = NO;
				DEBUG_INFORMATION_FORMAT = "dwarf-with-dsym";
				ENABLE_NS_ASSERTIONS = NO;
				ENABLE_STRICT_OBJC_MSGSEND = YES;
				GCC_C_LANGUAGE_STANDARD = gnu99;
				GCC_NO_COMMON_BLOCKS = YES;
				GCC_WARN_64_TO_32_BIT_CONVERSION = YES;
				GCC_WARN_ABOUT_RETURN_TYPE = YES_ERROR;
				GCC_WARN_UNDECLARED_SELECTOR = YES;
				GCC_WARN_UNINITIALIZED_AUTOS = YES_AGGRESSIVE;
				GCC_WARN_UNUSED_FUNCTION = YES;
				GCC_WARN_UNUSED_VARIABLE = YES;
				IPHONEOS_DEPLOYMENT_TARGET = 9.0;
				MTL_ENABLE_DEBUG_INFO = NO;
				SDKROOT = iphoneos;
				TARGETED_DEVICE_FAMILY = "1,2";
				VALIDATE_PRODUCT = YES;
			};
			name = Release;
		};
		84E4E55C1E234B950039AA83 /* Debug */ = {
			isa = XCBuildConfiguration;
			buildSettings = {
				ASSETCATALOG_COMPILER_APPICON_NAME = AppIcon;
				DEVELOPMENT_TEAM = 8JMD96GAB7;
				INFOPLIST_FILE = cog_proto/Info.plist;
				IPHONEOS_DEPLOYMENT_TARGET = 9.0;
				LD_RUNPATH_SEARCH_PATHS = "$(inherited) @executable_path/Frameworks";
				PRODUCT_BUNDLE_IDENTIFIER = "gamify.cog-proto";
				PRODUCT_NAME = "$(TARGET_NAME)";
			};
			name = Debug;
		};
		84E4E55D1E234B950039AA83 /* Release */ = {
			isa = XCBuildConfiguration;
			buildSettings = {
				ASSETCATALOG_COMPILER_APPICON_NAME = AppIcon;
				DEVELOPMENT_TEAM = 8JMD96GAB7;
				INFOPLIST_FILE = cog_proto/Info.plist;
				IPHONEOS_DEPLOYMENT_TARGET = 9.0;
				LD_RUNPATH_SEARCH_PATHS = "$(inherited) @executable_path/Frameworks";
				PRODUCT_BUNDLE_IDENTIFIER = "gamify.cog-proto";
				PRODUCT_NAME = "$(TARGET_NAME)";
			};
			name = Release;
		};
		84E4E55F1E234B950039AA83 /* Debug */ = {
			isa = XCBuildConfiguration;
			buildSettings = {
				BUNDLE_LOADER = "$(TEST_HOST)";
				DEVELOPMENT_TEAM = 8JMD96GAB7;
				INFOPLIST_FILE = cog_protoTests/Info.plist;
				LD_RUNPATH_SEARCH_PATHS = "$(inherited) @executable_path/Frameworks @loader_path/Frameworks";
				PRODUCT_BUNDLE_IDENTIFIER = "gamify.cog-protoTests";
				PRODUCT_NAME = "$(TARGET_NAME)";
				TEST_HOST = "$(BUILT_PRODUCTS_DIR)/cog_proto.app/cog_proto";
			};
			name = Debug;
		};
		84E4E5601E234B950039AA83 /* Release */ = {
			isa = XCBuildConfiguration;
			buildSettings = {
				BUNDLE_LOADER = "$(TEST_HOST)";
				DEVELOPMENT_TEAM = 8JMD96GAB7;
				INFOPLIST_FILE = cog_protoTests/Info.plist;
				LD_RUNPATH_SEARCH_PATHS = "$(inherited) @executable_path/Frameworks @loader_path/Frameworks";
				PRODUCT_BUNDLE_IDENTIFIER = "gamify.cog-protoTests";
				PRODUCT_NAME = "$(TARGET_NAME)";
				TEST_HOST = "$(BUILT_PRODUCTS_DIR)/cog_proto.app/cog_proto";
			};
			name = Release;
		};
		84E4E5621E234B950039AA83 /* Debug */ = {
			isa = XCBuildConfiguration;
			buildSettings = {
				DEVELOPMENT_TEAM = 8JMD96GAB7;
				INFOPLIST_FILE = cog_protoUITests/Info.plist;
				LD_RUNPATH_SEARCH_PATHS = "$(inherited) @executable_path/Frameworks @loader_path/Frameworks";
				PRODUCT_BUNDLE_IDENTIFIER = "gamify.cog-protoUITests";
				PRODUCT_NAME = "$(TARGET_NAME)";
				TEST_TARGET_NAME = cog_proto;
			};
			name = Debug;
		};
		84E4E5631E234B950039AA83 /* Release */ = {
			isa = XCBuildConfiguration;
			buildSettings = {
				DEVELOPMENT_TEAM = 8JMD96GAB7;
				INFOPLIST_FILE = cog_protoUITests/Info.plist;
				LD_RUNPATH_SEARCH_PATHS = "$(inherited) @executable_path/Frameworks @loader_path/Frameworks";
				PRODUCT_BUNDLE_IDENTIFIER = "gamify.cog-protoUITests";
				PRODUCT_NAME = "$(TARGET_NAME)";
				TEST_TARGET_NAME = cog_proto;
			};
			name = Release;
		};
/* End XCBuildConfiguration section */

/* Begin XCConfigurationList section */
		84E4E5251E234B940039AA83 /* Build configuration list for PBXProject "cog_proto" */ = {
			isa = XCConfigurationList;
			buildConfigurations = (
				84E4E5591E234B950039AA83 /* Debug */,
				84E4E55A1E234B950039AA83 /* Release */,
			);
			defaultConfigurationIsVisible = 0;
			defaultConfigurationName = Debug;
		};
		84E4E55B1E234B950039AA83 /* Build configuration list for PBXNativeTarget "cog_proto" */ = {
			isa = XCConfigurationList;
			buildConfigurations = (
				84E4E55C1E234B950039AA83 /* Debug */,
				84E4E55D1E234B950039AA83 /* Release */,
			);
			defaultConfigurationIsVisible = 0;
			defaultConfigurationName = Debug;
		};
		84E4E55E1E234B950039AA83 /* Build configuration list for PBXNativeTarget "cog_protoTests" */ = {
			isa = XCConfigurationList;
			buildConfigurations = (
				84E4E55F1E234B950039AA83 /* Debug */,
				84E4E5601E234B950039AA83 /* Release */,
			);
			defaultConfigurationIsVisible = 0;
			defaultConfigurationName = Debug;
		};
		84E4E5611E234B950039AA83 /* Build configuration list for PBXNativeTarget "cog_protoUITests" */ = {
			isa = XCConfigurationList;
			buildConfigurations = (
				84E4E5621E234B950039AA83 /* Debug */,
				84E4E5631E234B950039AA83 /* Release */,
			);
			defaultConfigurationIsVisible = 0;
			defaultConfigurationName = Debug;
		};
/* End XCConfigurationList section */
	};
	rootObject = 84E4E5221E234B940039AA83 /* Project object */;
}
